
Microsoft Visual Studio Solution File, Format Version 12.00
# Visual Studio Version 16
VisualStudioVersion = 16.0.29021.104
MinimumVisualStudioVersion = 10.0.40219.1
Project("{FAE04EC0-301F-11D3-BF4B-00C04F79EFBC}") = "DemandModul", "demandModul\DemandModul.csproj", "{FF5C0B21-2276-4C63-9707-CAE839A93ED9}"
EndProject
Global
	GlobalSection(SolutionConfigurationPlatforms) = preSolution
		Debug|Any CPU = Debug|Any CPU
		Release|Any CPU = Release|Any CPU
	EndGlobalSection
	GlobalSection(ProjectConfigurationPlatforms) = postSolution
		{FF5C0B21-2276-4C63-9707-CAE839A93ED9}.Debug|Any CPU.ActiveCfg = Debug|Any CPU
		{FF5C0B21-2276-4C63-9707-CAE839A93ED9}.Debug|Any CPU.Build.0 = Debug|Any CPU
		{FF5C0B21-2276-4C63-9707-CAE839A93ED9}.Release|Any CPU.ActiveCfg = Release|Any CPU
		{FF5C0B21-2276-4C63-9707-CAE839A93ED9}.Release|Any CPU.Build.0 = Release|Any CPU
	EndGlobalSection
	GlobalSection(SolutionProperties) = preSolution
		HideSolutionNode = FALSE
	EndGlobalSection
	GlobalSection(ExtensibilityGlobals) = postSolution
		SolutionGuid = {C4954B04-C858-40E7-8CF3-985E07755BC9}
	EndGlobalSection
EndGlobal
